
Microsoft Visual Studio Solution File, Format Version 12.00
# Visual Studio Version 17
VisualStudioVersion = 17.7.34221.43
MinimumVisualStudioVersion = 10.0.40219.1
Project("{888888A0-9F3D-457C-B088-3A5042F75D52}") = "DjangoWebProject1", "DjangoWebProject1\DjangoWebProject1.pyproj", "{13DC497C-6543-475D-88B3-A54A9FC5F3AA}"
EndProject
Global
	GlobalSection(SolutionConfigurationPlatforms) = preSolution
		Debug|Any CPU = Debug|Any CPU
		Release|Any CPU = Release|Any CPU
	EndGlobalSection
	GlobalSection(ProjectConfigurationPlatforms) = postSolution
		{13DC497C-6543-475D-88B3-A54A9FC5F3AA}.Debug|Any CPU.ActiveCfg = Debug|Any CPU
		{13DC497C-6543-475D-88B3-A54A9FC5F3AA}.Debug|Any CPU.Build.0 = Debug|Any CPU
		{13DC497C-6543-475D-88B3-A54A9FC5F3AA}.Release|Any CPU.ActiveCfg = Release|Any CPU
		{13DC497C-6543-475D-88B3-A54A9FC5F3AA}.Release|Any CPU.Build.0 = Release|Any CPU
	EndGlobalSection
	GlobalSection(SolutionProperties) = preSolution
		HideSolutionNode = FALSE
	EndGlobalSection
	GlobalSection(ExtensibilityGlobals) = postSolution
		SolutionGuid = {726051CF-E31E-4AE3-9C2E-2132F3B0E0B6}
	EndGlobalSection
EndGlobal
